<?xml version="1.0" encoding="utf-8"?>
<Project ToolsVersion="4.0" xmlns="http://schemas.microsoft.com/developer/msbuild/2003">
  <ItemGroup>
    <ClCompile Include="main.cpp">
      <Filter>Class</Filter>
    </ClCompile>
    <ClCompile Include="fpsCamera.cpp">
      <Filter>FPS CAMERA</Filter>
    </ClCompile>
    <ClCompile Include="player_entity.cpp">
      <Filter>engine</Filter>
    </ClCompile>
    <ClCompile Include="MoveHandler.cpp">
      <Filter>engine</Filter>
    </ClCompile>
    <ClCompile Include="shaderInit.cpp">
      <Filter>engine</Filter>
    </ClCompile>
    <ClCompile Include="Camera.cpp">
      <Filter>engine</Filter>
    </ClCompile>
    <ClCompile Include="textureManager.cpp">
      <Filter>engine</Filter>
    </ClCompile>
    <ClCompile Include="entityHandler.cpp">
      <Filter>engine</Filter>
    </ClCompile>
  </ItemGroup>
  <ItemGroup>
    <ClInclude Include="fpsCamera.h">
      <Filter>FPS CAMERA</Filter>
    </ClInclude>
    <ClInclude Include="base_Entity.h">
      <Filter>engine</Filter>
    </ClInclude>
    <ClInclude Include="player_entity.h">
      <Filter>engine</Filter>
    </ClInclude>
    <ClInclude Include="Camera.h">
      <Filter>engine</Filter>
    </ClInclude>
    <ClInclude Include="shaderInit.h">
      <Filter>engine</Filter>
    </ClInclude>
    <ClInclude Include="MoveHandler.h">
      <Filter>engine</Filter>
    </ClInclude>
    <ClInclude Include="entityHandler.h">
      <Filter>engine</Filter>
    </ClInclude>
    <ClInclude Include="textureManager.h">
      <Filter>engine</Filter>
    </ClInclude>
  </ItemGroup>
  <ItemGroup>
    <Filter Include="Header">
      <UniqueIdentifier>{fe67cbd4-de76-471b-9be6-f1d2cea43da8}</UniqueIdentifier>
    </Filter>
    <Filter Include="Class">
      <UniqueIdentifier>{0325681a-8d3a-4da0-be41-9d0dceb6cbd0}</UniqueIdentifier>
    </Filter>
    <Filter Include="FPS CAMERA">
      <UniqueIdentifier>{d3f2f48c-f36c-4718-9d46-481727d14df2}</UniqueIdentifier>
    </Filter>
    <Filter Include="engine">
      <UniqueIdentifier>{3251a725-dc51-4f81-bc95-de10363d846a}</UniqueIdentifier>
    </Filter>
  </ItemGroup>
</Project>